Microsoft Visual Studio Solution File, Format Version 12.00
# Visual Studio 2012
Project("{FAE04EC0-301F-11D3-BF4B-00C04F79EFBC}") = "OnlineGaming", "OnlineGaming.csproj", "{AF377253-384B-444C-B2C9-BE0E297EEDDD}"
EndProject
Global
	GlobalSection(SolutionConfigurationPlatforms) = preSolution
	Debug|Any CPU = Debug|Any CPU
	ExportDebug|Any CPU = ExportDebug|Any CPU
	ExportRelease|Any CPU = ExportRelease|Any CPU
	EndGlobalSection
	GlobalSection(ProjectConfigurationPlatforms) = postSolution
		{AF377253-384B-444C-B2C9-BE0E297EEDDD}.Debug|Any CPU.ActiveCfg = Debug|Any CPU
		{AF377253-384B-444C-B2C9-BE0E297EEDDD}.Debug|Any CPU.Build.0 = Debug|Any CPU
		{AF377253-384B-444C-B2C9-BE0E297EEDDD}.ExportDebug|Any CPU.ActiveCfg = ExportDebug|Any CPU
		{AF377253-384B-444C-B2C9-BE0E297EEDDD}.ExportDebug|Any CPU.Build.0 = ExportDebug|Any CPU
		{AF377253-384B-444C-B2C9-BE0E297EEDDD}.ExportRelease|Any CPU.ActiveCfg = ExportRelease|Any CPU
		{AF377253-384B-444C-B2C9-BE0E297EEDDD}.ExportRelease|Any CPU.Build.0 = ExportRelease|Any CPU
	EndGlobalSection
EndGlobal
